
Microsoft Visual Studio Solution File, Format Version 12.00
# Visual Studio 15
VisualStudioVersion = 15.0.28010.2050
MinimumVisualStudioVersion = 10.0.40219.1
Project("{FAE04EC0-301F-11D3-BF4B-00C04F79EFBC}") = "CalculatorPretty", "CalculatorPretty\CalculatorPretty.csproj", "{4923DDCA-A04E-4854-994E-81515E60AB1F}"
EndProject
Global
	GlobalSection(SolutionConfigurationPlatforms) = preSolution
		Debug|Any CPU = Debug|Any CPU
		Release|Any CPU = Release|Any CPU
	EndGlobalSection
	GlobalSection(ProjectConfigurationPlatforms) = postSolution
		{4923DDCA-A04E-4854-994E-81515E60AB1F}.Debug|Any CPU.ActiveCfg = Debug|Any CPU
		{4923DDCA-A04E-4854-994E-81515E60AB1F}.Debug|Any CPU.Build.0 = Debug|Any CPU
		{4923DDCA-A04E-4854-994E-81515E60AB1F}.Release|Any CPU.ActiveCfg = Release|Any CPU
		{4923DDCA-A04E-4854-994E-81515E60AB1F}.Release|Any CPU.Build.0 = Release|Any CPU
	EndGlobalSection
	GlobalSection(SolutionProperties) = preSolution
		HideSolutionNode = FALSE
	EndGlobalSection
	GlobalSection(ExtensibilityGlobals) = postSolution
		SolutionGuid = {90DF0B75-027D-4354-A61D-2FE04597ACFB}
	EndGlobalSection
EndGlobal
